
Microsoft Visual Studio Solution File, Format Version 12.00
# Visual Studio Version 16
VisualStudioVersion = 16.0.30011.22
MinimumVisualStudioVersion = 10.0.40219.1
Project("{8BC9CEB8-8B4A-11D0-8D11-00A0C91BC942}") = "Atividade_pratica_quest01", "Atividade_pratica_quest01\Atividade_pratica_quest01.vcxproj", "{95FD270C-7CA8-4C37-BC13-2359DA54ED39}"
EndProject
Global
	GlobalSection(SolutionConfigurationPlatforms) = preSolution
		Debug|x64 = Debug|x64
		Debug|x86 = Debug|x86
		Release|x64 = Release|x64
		Release|x86 = Release|x86
	EndGlobalSection
	GlobalSection(ProjectConfigurationPlatforms) = postSolution
		{95FD270C-7CA8-4C37-BC13-2359DA54ED39}.Debug|x64.ActiveCfg = Debug|x64
		{95FD270C-7CA8-4C37-BC13-2359DA54ED39}.Debug|x64.Build.0 = Debug|x64
		{95FD270C-7CA8-4C37-BC13-2359DA54ED39}.Debug|x86.ActiveCfg = Debug|Win32
		{95FD270C-7CA8-4C37-BC13-2359DA54ED39}.Debug|x86.Build.0 = Debug|Win32
		{95FD270C-7CA8-4C37-BC13-2359DA54ED39}.Release|x64.ActiveCfg = Release|x64
		{95FD270C-7CA8-4C37-BC13-2359DA54ED39}.Release|x64.Build.0 = Release|x64
		{95FD270C-7CA8-4C37-BC13-2359DA54ED39}.Release|x86.ActiveCfg = Release|Win32
		{95FD270C-7CA8-4C37-BC13-2359DA54ED39}.Release|x86.Build.0 = Release|Win32
	EndGlobalSection
	GlobalSection(SolutionProperties) = preSolution
		HideSolutionNode = FALSE
	EndGlobalSection
	GlobalSection(ExtensibilityGlobals) = postSolution
		SolutionGuid = {DD38568F-E198-4E7B-8FF2-8C49689E2BAB}
	EndGlobalSection
EndGlobal
