
Microsoft Visual Studio Solution File, Format Version 12.00
# Visual Studio Version 16
VisualStudioVersion = 16.0.30011.22
MinimumVisualStudioVersion = 10.0.40219.1
Project("{8BC9CEB8-8B4A-11D0-8D11-00A0C91BC942}") = "Ativiade_pratica_quest02", "Ativiade_pratica_quest02\Ativiade_pratica_quest02.vcxproj", "{7483A1B4-5650-4712-9E06-5A4B02C1EA9F}"
EndProject
Global
	GlobalSection(SolutionConfigurationPlatforms) = preSolution
		Debug|x64 = Debug|x64
		Debug|x86 = Debug|x86
		Release|x64 = Release|x64
		Release|x86 = Release|x86
	EndGlobalSection
	GlobalSection(ProjectConfigurationPlatforms) = postSolution
		{7483A1B4-5650-4712-9E06-5A4B02C1EA9F}.Debug|x64.ActiveCfg = Debug|x64
		{7483A1B4-5650-4712-9E06-5A4B02C1EA9F}.Debug|x64.Build.0 = Debug|x64
		{7483A1B4-5650-4712-9E06-5A4B02C1EA9F}.Debug|x86.ActiveCfg = Debug|Win32
		{7483A1B4-5650-4712-9E06-5A4B02C1EA9F}.Debug|x86.Build.0 = Debug|Win32
		{7483A1B4-5650-4712-9E06-5A4B02C1EA9F}.Release|x64.ActiveCfg = Release|x64
		{7483A1B4-5650-4712-9E06-5A4B02C1EA9F}.Release|x64.Build.0 = Release|x64
		{7483A1B4-5650-4712-9E06-5A4B02C1EA9F}.Release|x86.ActiveCfg = Release|Win32
		{7483A1B4-5650-4712-9E06-5A4B02C1EA9F}.Release|x86.Build.0 = Release|Win32
	EndGlobalSection
	GlobalSection(SolutionProperties) = preSolution
		HideSolutionNode = FALSE
	EndGlobalSection
	GlobalSection(ExtensibilityGlobals) = postSolution
		SolutionGuid = {35B5F333-E3B7-49FA-BFB9-26BFA435F768}
	EndGlobalSection
EndGlobal
